
Microsoft Visual Studio Solution File, Format Version 12.00
# Visual Studio 2013
VisualStudioVersion = 12.0.31101.0
MinimumVisualStudioVersion = 10.0.40219.1
Project("{FAE04EC0-301F-11D3-BF4B-00C04F79EFBC}") = "kafka-net", "kafka-net\kafka-net.csproj", "{1343EB68-55CB-4452-8386-24A9989DE1C0}"
EndProject
Project("{FAE04EC0-301F-11D3-BF4B-00C04F79EFBC}") = "kafka-tests", "kafka-tests\kafka-tests.csproj", "{D80AE407-BB81-4C11-BFDC-5DD463F8B1BF}"
EndProject
Project("{FAE04EC0-301F-11D3-BF4B-00C04F79EFBC}") = "TestHarness", "TestHarness\TestHarness.csproj", "{53E0B3CE-6C41-4C8A-8B66-9BD03667B1E0}"
EndProject
Project("{2150E333-8FDC-42A3-9474-1A3956D46DE8}") = ".nuget", ".nuget", "{106F20D4-E22F-4C73-9D48-7F38E2A77163}"
	ProjectSection(SolutionItems) = preProject
		.nuget\NuGet.Config = .nuget\NuGet.Config
		.nuget\NuGet.exe = .nuget\NuGet.exe
		.nuget\NuGet.targets = .nuget\NuGet.targets
	EndProjectSection
EndProject
Project("{2150E333-8FDC-42A3-9474-1A3956D46DE8}") = "Solution Items", "Solution Items", "{F4C67622-F19D-4D3D-9C60-C2A9E717A197}"
	ProjectSection(SolutionItems) = preProject
		..\.gitignore = ..\.gitignore
		..\LICENSE = ..\LICENSE
		..\README.md = ..\README.md
	EndProjectSection
EndProject
Project("{2150E333-8FDC-42A3-9474-1A3956D46DE8}") = "Testing", "Testing", "{204BDC88-0B3E-4E9D-9140-CF0DDF184FE8}"
EndProject
Global
	GlobalSection(SolutionConfigurationPlatforms) = preSolution
		Debug|Any CPU = Debug|Any CPU
		Release|Any CPU = Release|Any CPU
	EndGlobalSection
	GlobalSection(ProjectConfigurationPlatforms) = postSolution
		{1343EB68-55CB-4452-8386-24A9989DE1C0}.Debug|Any CPU.ActiveCfg = Debug|Any CPU
		{1343EB68-55CB-4452-8386-24A9989DE1C0}.Debug|Any CPU.Build.0 = Debug|Any CPU
		{1343EB68-55CB-4452-8386-24A9989DE1C0}.Release|Any CPU.ActiveCfg = Release|Any CPU
		{1343EB68-55CB-4452-8386-24A9989DE1C0}.Release|Any CPU.Build.0 = Release|Any CPU
		{D80AE407-BB81-4C11-BFDC-5DD463F8B1BF}.Debug|Any CPU.ActiveCfg = Debug|Any CPU
		{D80AE407-BB81-4C11-BFDC-5DD463F8B1BF}.Debug|Any CPU.Build.0 = Debug|Any CPU
		{D80AE407-BB81-4C11-BFDC-5DD463F8B1BF}.Release|Any CPU.ActiveCfg = Release|Any CPU
		{D80AE407-BB81-4C11-BFDC-5DD463F8B1BF}.Release|Any CPU.Build.0 = Release|Any CPU
		{53E0B3CE-6C41-4C8A-8B66-9BD03667B1E0}.Debug|Any CPU.ActiveCfg = Debug|Any CPU
		{53E0B3CE-6C41-4C8A-8B66-9BD03667B1E0}.Debug|Any CPU.Build.0 = Debug|Any CPU
		{53E0B3CE-6C41-4C8A-8B66-9BD03667B1E0}.Release|Any CPU.ActiveCfg = Release|Any CPU
		{53E0B3CE-6C41-4C8A-8B66-9BD03667B1E0}.Release|Any CPU.Build.0 = Release|Any CPU
	EndGlobalSection
	GlobalSection(SolutionProperties) = preSolution
		HideSolutionNode = FALSE
	EndGlobalSection
	GlobalSection(NestedProjects) = preSolution
		{53E0B3CE-6C41-4C8A-8B66-9BD03667B1E0} = {204BDC88-0B3E-4E9D-9140-CF0DDF184FE8}
	EndGlobalSection
EndGlobal
